
Microsoft Visual Studio Solution File, Format Version 12.00
# Visual Studio Version 17
VisualStudioVersion = 17.0.31903.59
MinimumVisualStudioVersion = 10.0.40219.1
Project("{FAE04EC0-301F-11D3-BF4B-00C04F79EFBC}") = "Exercicio1", "Exercicio1\Exercicio1.csproj", "{BC38E217-ADD6-4290-8F30-3F5749A46F20}"
EndProject
Project("{FAE04EC0-301F-11D3-BF4B-00C04F79EFBC}") = "Exercicio2", "Exercicio2\Exercicio2.csproj", "{3C6F9A47-509A-48E0-85C1-5B7906B0E49B}"
EndProject
Project("{FAE04EC0-301F-11D3-BF4B-00C04F79EFBC}") = "Exercicio3", "Exercicio3\Exercicio3.csproj", "{115F0345-28B9-47AC-B626-0F5E7C22FC75}"
EndProject
Project("{FAE04EC0-301F-11D3-BF4B-00C04F79EFBC}") = "Exercicio4", "Exercicio4\Exercicio4.csproj", "{0DE8FDB9-87F2-46FB-917A-0B804CBF19A9}"
EndProject
Global
	GlobalSection(SolutionConfigurationPlatforms) = preSolution
		Debug|Any CPU = Debug|Any CPU
		Release|Any CPU = Release|Any CPU
	EndGlobalSection
	GlobalSection(SolutionProperties) = preSolution
		HideSolutionNode = FALSE
	EndGlobalSection
	GlobalSection(ProjectConfigurationPlatforms) = postSolution
		{BC38E217-ADD6-4290-8F30-3F5749A46F20}.Debug|Any CPU.ActiveCfg = Debug|Any CPU
		{BC38E217-ADD6-4290-8F30-3F5749A46F20}.Debug|Any CPU.Build.0 = Debug|Any CPU
		{BC38E217-ADD6-4290-8F30-3F5749A46F20}.Release|Any CPU.ActiveCfg = Release|Any CPU
		{BC38E217-ADD6-4290-8F30-3F5749A46F20}.Release|Any CPU.Build.0 = Release|Any CPU
		{3C6F9A47-509A-48E0-85C1-5B7906B0E49B}.Debug|Any CPU.ActiveCfg = Debug|Any CPU
		{3C6F9A47-509A-48E0-85C1-5B7906B0E49B}.Debug|Any CPU.Build.0 = Debug|Any CPU
		{3C6F9A47-509A-48E0-85C1-5B7906B0E49B}.Release|Any CPU.ActiveCfg = Release|Any CPU
		{3C6F9A47-509A-48E0-85C1-5B7906B0E49B}.Release|Any CPU.Build.0 = Release|Any CPU
		{115F0345-28B9-47AC-B626-0F5E7C22FC75}.Debug|Any CPU.ActiveCfg = Debug|Any CPU
		{115F0345-28B9-47AC-B626-0F5E7C22FC75}.Debug|Any CPU.Build.0 = Debug|Any CPU
		{115F0345-28B9-47AC-B626-0F5E7C22FC75}.Release|Any CPU.ActiveCfg = Release|Any CPU
		{115F0345-28B9-47AC-B626-0F5E7C22FC75}.Release|Any CPU.Build.0 = Release|Any CPU
		{0DE8FDB9-87F2-46FB-917A-0B804CBF19A9}.Debug|Any CPU.ActiveCfg = Debug|Any CPU
		{0DE8FDB9-87F2-46FB-917A-0B804CBF19A9}.Debug|Any CPU.Build.0 = Debug|Any CPU
		{0DE8FDB9-87F2-46FB-917A-0B804CBF19A9}.Release|Any CPU.ActiveCfg = Release|Any CPU
		{0DE8FDB9-87F2-46FB-917A-0B804CBF19A9}.Release|Any CPU.Build.0 = Release|Any CPU
	EndGlobalSection
EndGlobal
